
Microsoft Visual Studio Solution File, Format Version 12.00
# Visual Studio Version 17
VisualStudioVersion = 17.2.32630.192
MinimumVisualStudioVersion = 10.0.40219.1
Project("{FAE04EC0-301F-11D3-BF4B-00C04F79EFBC}") = "CotacaoDolar", "CotacaoDolar\CotacaoDolar.csproj", "{138F08A9-F222-4BDA-A50A-E014E2695B1E}"
EndProject
Global
	GlobalSection(SolutionConfigurationPlatforms) = preSolution
		Debug|Any CPU = Debug|Any CPU
		Release|Any CPU = Release|Any CPU
	EndGlobalSection
	GlobalSection(ProjectConfigurationPlatforms) = postSolution
		{138F08A9-F222-4BDA-A50A-E014E2695B1E}.Debug|Any CPU.ActiveCfg = Debug|Any CPU
		{138F08A9-F222-4BDA-A50A-E014E2695B1E}.Debug|Any CPU.Build.0 = Debug|Any CPU
		{138F08A9-F222-4BDA-A50A-E014E2695B1E}.Release|Any CPU.ActiveCfg = Release|Any CPU
		{138F08A9-F222-4BDA-A50A-E014E2695B1E}.Release|Any CPU.Build.0 = Release|Any CPU
	EndGlobalSection
	GlobalSection(SolutionProperties) = preSolution
		HideSolutionNode = FALSE
	EndGlobalSection
	GlobalSection(ExtensibilityGlobals) = postSolution
		SolutionGuid = {E42FAD4C-0814-459D-B173-99CFC75E7B4F}
	EndGlobalSection
EndGlobal
